
Microsoft Visual Studio Solution File, Format Version 12.00
# Visual Studio Version 17
VisualStudioVersion = 17.8.34525.116
MinimumVisualStudioVersion = 10.0.40219.1
Project("{FAE04EC0-301F-11D3-BF4B-00C04F79EFBC}") = "ContosoPizza.CodeFirst", "ContosoPizza.CodeFirst\ContosoPizza.CodeFirst.csproj", "{1DD5FE90-F4B8-494B-9AF4-C4443FE79DB3}"
EndProject
Project("{FAE04EC0-301F-11D3-BF4B-00C04F79EFBC}") = "ContosoPizza.DBFirst", "ContosoPizza.DBFirst\ContosoPizza.DBFirst.csproj", "{C5CA49C5-703A-4FCD-92D4-C2C574E1B783}"
EndProject
Global
	GlobalSection(SolutionConfigurationPlatforms) = preSolution
		Debug|Any CPU = Debug|Any CPU
		Release|Any CPU = Release|Any CPU
	EndGlobalSection
	GlobalSection(ProjectConfigurationPlatforms) = postSolution
		{1DD5FE90-F4B8-494B-9AF4-C4443FE79DB3}.Debug|Any CPU.ActiveCfg = Debug|Any CPU
		{1DD5FE90-F4B8-494B-9AF4-C4443FE79DB3}.Debug|Any CPU.Build.0 = Debug|Any CPU
		{1DD5FE90-F4B8-494B-9AF4-C4443FE79DB3}.Release|Any CPU.ActiveCfg = Release|Any CPU
		{1DD5FE90-F4B8-494B-9AF4-C4443FE79DB3}.Release|Any CPU.Build.0 = Release|Any CPU
		{C5CA49C5-703A-4FCD-92D4-C2C574E1B783}.Debug|Any CPU.ActiveCfg = Debug|Any CPU
		{C5CA49C5-703A-4FCD-92D4-C2C574E1B783}.Debug|Any CPU.Build.0 = Debug|Any CPU
		{C5CA49C5-703A-4FCD-92D4-C2C574E1B783}.Release|Any CPU.ActiveCfg = Release|Any CPU
		{C5CA49C5-703A-4FCD-92D4-C2C574E1B783}.Release|Any CPU.Build.0 = Release|Any CPU
	EndGlobalSection
	GlobalSection(SolutionProperties) = preSolution
		HideSolutionNode = FALSE
	EndGlobalSection
	GlobalSection(ExtensibilityGlobals) = postSolution
		SolutionGuid = {23C26DBB-1823-48A6-8012-C641D0CFD3DA}
	EndGlobalSection
EndGlobal
